// !$*UTF8*$!
{
	archiveVersion = 1;
	classes = {
	};
	objectVersion = 50;
	objects = {

/* Begin PBXBuildFile section */
		C35C86F824EBE4CA00442BE9 /* BreedData.swift in Sources */ = {isa = PBXBuildFile; fileRef = C35C86F724EBE4CA00442BE9 /* BreedData.swift */; };
		C378604124EA1646002320BD /* AppDelegate.swift in Sources */ = {isa = PBXBuildFile; fileRef = C378604024EA1646002320BD /* AppDelegate.swift */; };
		C378604324EA1646002320BD /* SceneDelegate.swift in Sources */ = {isa = PBXBuildFile; fileRef = C378604224EA1646002320BD /* SceneDelegate.swift */; };
		C378604524EA1646002320BD /* BreedViewController.swift in Sources */ = {isa = PBXBuildFile; fileRef = C378604424EA1646002320BD /* BreedViewController.swift */; };
		C378604724EA1646002320BD /* StatisticViewController.swift in Sources */ = {isa = PBXBuildFile; fileRef = C378604624EA1646002320BD /* StatisticViewController.swift */; };
		C378604A24EA1646002320BD /* Main.storyboard in Resources */ = {isa = PBXBuildFile; fileRef = C378604824EA1646002320BD /* Main.storyboard */; };
		C378604C24EA164C002320BD /* Assets.xcassets in Resources */ = {isa = PBXBuildFile; fileRef = C378604B24EA164C002320BD /* Assets.xcassets */; };
		C378604F24EA164C002320BD /* LaunchScreen.storyboard in Resources */ = {isa = PBXBuildFile; fileRef = C378604D24EA164C002320BD /* LaunchScreen.storyboard */; };
		C378605A24EA164C002320BD /* CatFactsTests.swift in Sources */ = {isa = PBXBuildFile; fileRef = C378605924EA164C002320BD /* CatFactsTests.swift */; };
		C378606624EA3B89002320BD /* BreedDetailViewController.swift in Sources */ = {isa = PBXBuildFile; fileRef = C378606524EA3B89002320BD /* BreedDetailViewController.swift */; };
		C378606824EA868F002320BD /* Breed.swift in Sources */ = {isa = PBXBuildFile; fileRef = C378606724EA868F002320BD /* Breed.swift */; };
		C378606A24EAA844002320BD /* Statistic.swift in Sources */ = {isa = PBXBuildFile; fileRef = C378606924EAA844002320BD /* Statistic.swift */; };
		C378607224EAD526002320BD /* Statistics.swift in Sources */ = {isa = PBXBuildFile; fileRef = C378607124EAD526002320BD /* Statistics.swift */; };
		C378607624EB9F2E002320BD /* Information.swift in Sources */ = {isa = PBXBuildFile; fileRef = C378607524EB9F2E002320BD /* Information.swift */; };
/* End PBXBuildFile section */

/* Begin PBXContainerItemProxy section */
		C378605624EA164C002320BD /* PBXContainerItemProxy */ = {
			isa = PBXContainerItemProxy;
			containerPortal = C378603524EA1646002320BD /* Project object */;
			proxyType = 1;
			remoteGlobalIDString = C378603C24EA1646002320BD;
			remoteInfo = CatFacts;
		};
/* End PBXContainerItemProxy section */

/* Begin PBXFileReference section */
		C35C86F724EBE4CA00442BE9 /* BreedData.swift */ = {isa = PBXFileReference; lastKnownFileType = sourcecode.swift; path = BreedData.swift; sourceTree = "<group>"; };
		C378603D24EA1646002320BD /* CatFacts.app */ = {isa = PBXFileReference; explicitFileType = wrapper.application; includeInIndex = 0; path = CatFacts.app; sourceTree = BUILT_PRODUCTS_DIR; };
		C378604024EA1646002320BD /* AppDelegate.swift */ = {isa = PBXFileReference; lastKnownFileType = sourcecode.swift; path = AppDelegate.swift; sourceTree = "<group>"; };
		C378604224EA1646002320BD /* SceneDelegate.swift */ = {isa = PBXFileReference; lastKnownFileType = sourcecode.swift; path = SceneDelegate.swift; sourceTree = "<group>"; };
		C378604424EA1646002320BD /* BreedViewController.swift */ = {isa = PBXFileReference; lastKnownFileType = sourcecode.swift; path = BreedViewController.swift; sourceTree = "<group>"; };
		C378604624EA1646002320BD /* StatisticViewController.swift */ = {isa = PBXFileReference; lastKnownFileType = sourcecode.swift; path = StatisticViewController.swift; sourceTree = "<group>"; };
		C378604924EA1646002320BD /* Base */ = {isa = PBXFileReference; lastKnownFileType = file.storyboard; name = Base; path = Base.lproj/Main.storyboard; sourceTree = "<group>"; };
		C378604B24EA164C002320BD /* Assets.xcassets */ = {isa = PBXFileReference; lastKnownFileType = folder.assetcatalog; path = Assets.xcassets; sourceTree = "<group>"; };
		C378604E24EA164C002320BD /* Base */ = {isa = PBXFileReference; lastKnownFileType = file.storyboard; name = Base; path = Base.lproj/LaunchScreen.storyboard; sourceTree = "<group>"; };
		C378605024EA164C002320BD /* Info.plist */ = {isa = PBXFileReference; lastKnownFileType = text.plist.xml; path = Info.plist; sourceTree = "<group>"; };
		C378605524EA164C002320BD /* CatFactsTests.xctest */ = {isa = PBXFileReference; explicitFileType = wrapper.cfbundle; includeInIndex = 0; path = CatFactsTests.xctest; sourceTree = BUILT_PRODUCTS_DIR; };
		C378605924EA164C002320BD /* CatFactsTests.swift */ = {isa = PBXFileReference; lastKnownFileType = sourcecode.swift; path = CatFactsTests.swift; sourceTree = "<group>"; };
		C378605B24EA164C002320BD /* Info.plist */ = {isa = PBXFileReference; lastKnownFileType = text.plist.xml; path = Info.plist; sourceTree = "<group>"; };
		C378606424EA1683002320BD /* README.md */ = {isa = PBXFileReference; lastKnownFileType = net.daringfireball.markdown; path = README.md; sourceTree = "<group>"; };
		C378606524EA3B89002320BD /* BreedDetailViewController.swift */ = {isa = PBXFileReference; lastKnownFileType = sourcecode.swift; path = BreedDetailViewController.swift; sourceTree = "<group>"; };
		C378606724EA868F002320BD /* Breed.swift */ = {isa = PBXFileReference; lastKnownFileType = sourcecode.swift; path = Breed.swift; sourceTree = "<group>"; };
		C378606924EAA844002320BD /* Statistic.swift */ = {isa = PBXFileReference; lastKnownFileType = sourcecode.swift; path = Statistic.swift; sourceTree = "<group>"; };
		C378607124EAD526002320BD /* Statistics.swift */ = {isa = PBXFileReference; lastKnownFileType = sourcecode.swift; path = Statistics.swift; sourceTree = "<group>"; };
		C378607524EB9F2E002320BD /* Information.swift */ = {isa = PBXFileReference; lastKnownFileType = sourcecode.swift; path = Information.swift; sourceTree = "<group>"; };
/* End PBXFileReference section */

/* Begin PBXFrameworksBuildPhase section */
		C378603A24EA1646002320BD /* Frameworks */ = {
			isa = PBXFrameworksBuildPhase;
			buildActionMask = 2147483647;
			files = (
			);
			runOnlyForDeploymentPostprocessing = 0;
		};
		C378605224EA164C002320BD /* Frameworks */ = {
			isa = PBXFrameworksBuildPhase;
			buildActionMask = 2147483647;
			files = (
			);
			runOnlyForDeploymentPostprocessing = 0;
		};
/* End PBXFrameworksBuildPhase section */

/* Begin PBXGroup section */
		C378603424EA1646002320BD = {
			isa = PBXGroup;
			children = (
				C378606424EA1683002320BD /* README.md */,
				C378603F24EA1646002320BD /* CatFacts */,
				C378605824EA164C002320BD /* CatFactsTests */,
				C378603E24EA1646002320BD /* Products */,
			);
			sourceTree = "<group>";
		};
		C378603E24EA1646002320BD /* Products */ = {
			isa = PBXGroup;
			children = (
				C378603D24EA1646002320BD /* CatFacts.app */,
				C378605524EA164C002320BD /* CatFactsTests.xctest */,
			);
			name = Products;
			sourceTree = "<group>";
		};
		C378603F24EA1646002320BD /* CatFacts */ = {
			isa = PBXGroup;
			children = (
				C378604024EA1646002320BD /* AppDelegate.swift */,
				C378604224EA1646002320BD /* SceneDelegate.swift */,
				C378606724EA868F002320BD /* Breed.swift */,
				C35C86F724EBE4CA00442BE9 /* BreedData.swift */,
				C378604424EA1646002320BD /* BreedViewController.swift */,
				C378606524EA3B89002320BD /* BreedDetailViewController.swift */,
				C378604624EA1646002320BD /* StatisticViewController.swift */,
				C378607524EB9F2E002320BD /* Information.swift */,
				C378606924EAA844002320BD /* Statistic.swift */,
				C378607124EAD526002320BD /* Statistics.swift */,
				C378604824EA1646002320BD /* Main.storyboard */,
				C378604B24EA164C002320BD /* Assets.xcassets */,
				C378604D24EA164C002320BD /* LaunchScreen.storyboard */,
				C378605024EA164C002320BD /* Info.plist */,
			);
			path = CatFacts;
			sourceTree = "<group>";
		};
		C378605824EA164C002320BD /* CatFactsTests */ = {
			isa = PBXGroup;
			children = (
				C378605924EA164C002320BD /* CatFactsTests.swift */,
				C378605B24EA164C002320BD /* Info.plist */,
			);
			path = CatFactsTests;
			sourceTree = "<group>";
		};
/* End PBXGroup section */

/* Begin PBXNativeTarget section */
		C378603C24EA1646002320BD /* CatFacts */ = {
			isa = PBXNativeTarget;
			buildConfigurationList = C378605E24EA164C002320BD /* Build configuration list for PBXNativeTarget "CatFacts" */;
			buildPhases = (
				C378603924EA1646002320BD /* Sources */,
				C378603A24EA1646002320BD /* Frameworks */,
				C378603B24EA1646002320BD /* Resources */,
			);
			buildRules = (
			);
			dependencies = (
			);
			name = CatFacts;
			productName = CatFacts;
			productReference = C378603D24EA1646002320BD /* CatFacts.app */;
			productType = "com.apple.product-type.application";
		};
		C378605424EA164C002320BD /* CatFactsTests */ = {
			isa = PBXNativeTarget;
			buildConfigurationList = C378606124EA164C002320BD /* Build configuration list for PBXNativeTarget "CatFactsTests" */;
			buildPhases = (
				C378605124EA164C002320BD /* Sources */,
				C378605224EA164C002320BD /* Frameworks */,
				C378605324EA164C002320BD /* Resources */,
			);
			buildRules = (
			);
			dependencies = (
				C378605724EA164C002320BD /* PBXTargetDependency */,
			);
			name = CatFactsTests;
			productName = CatFactsTests;
			productReference = C378605524EA164C002320BD /* CatFactsTests.xctest */;
			productType = "com.apple.product-type.bundle.unit-test";
		};
/* End PBXNativeTarget section */

/* Begin PBXProject section */
		C378603524EA1646002320BD /* Project object */ = {
			isa = PBXProject;
			attributes = {
				LastSwiftUpdateCheck = 1160;
				LastUpgradeCheck = 1160;
				ORGANIZATIONNAME = "Catalyst Art";
				TargetAttributes = {
					C378603C24EA1646002320BD = {
						CreatedOnToolsVersion = 11.6;
					};
					C378605424EA164C002320BD = {
						CreatedOnToolsVersion = 11.6;
						TestTargetID = C378603C24EA1646002320BD;
					};
				};
			};
			buildConfigurationList = C378603824EA1646002320BD /* Build configuration list for PBXProject "CatFacts" */;
			compatibilityVersion = "Xcode 9.3";
			developmentRegion = en;
			hasScannedForEncodings = 0;
			knownRegions = (
				en,
				Base,
			);
			mainGroup = C378603424EA1646002320BD;
			productRefGroup = C378603E24EA1646002320BD /* Products */;
			projectDirPath = "";
			projectRoot = "";
			targets = (
				C378603C24EA1646002320BD /* CatFacts */,
				C378605424EA164C002320BD /* CatFactsTests */,
			);
		};
/* End PBXProject section */

/* Begin PBXResourcesBuildPhase section */
		C378603B24EA1646002320BD /* Resources */ = {
			isa = PBXResourcesBuildPhase;
			buildActionMask = 2147483647;
			files = (
				C378604F24EA164C002320BD /* LaunchScreen.storyboard in Resources */,
				C378604C24EA164C002320BD /* Assets.xcassets in Resources */,
				C378604A24EA1646002320BD /* Main.storyboard in Resources */,
			);
			runOnlyForDeploymentPostprocessing = 0;
		};
		C378605324EA164C002320BD /* Resources */ = {
			isa = PBXResourcesBuildPhase;
			buildActionMask = 2147483647;
			files = (
			);
			runOnlyForDeploymentPostprocessing = 0;
		};
/* End PBXResourcesBuildPhase section */

/* Begin PBXSourcesBuildPhase section */
		C378603924EA1646002320BD /* Sources */ = {
			isa = PBXSourcesBuildPhase;
			buildActionMask = 2147483647;
			files = (
				C378606824EA868F002320BD /* Breed.swift in Sources */,
				C378606624EA3B89002320BD /* BreedDetailViewController.swift in Sources */,
				C35C86F824EBE4CA00442BE9 /* BreedData.swift in Sources */,
				C378604724EA1646002320BD /* StatisticViewController.swift in Sources */,
				C378604524EA1646002320BD /* BreedViewController.swift in Sources */,
				C378604124EA1646002320BD /* AppDelegate.swift in Sources */,
				C378604324EA1646002320BD /* SceneDelegate.swift in Sources */,
				C378607224EAD526002320BD /* Statistics.swift in Sources */,
				C378607624EB9F2E002320BD /* Information.swift in Sources */,
				C378606A24EAA844002320BD /* Statistic.swift in Sources */,
			);
			runOnlyForDeploymentPostprocessing = 0;
		};
		C378605124EA164C002320BD /* Sources */ = {
			isa = PBXSourcesBuildPhase;
			buildActionMask = 2147483647;
			files = (
				C378605A24EA164C002320BD /* CatFactsTests.swift in Sources */,
			);
			runOnlyForDeploymentPostprocessing = 0;
		};
/* End PBXSourcesBuildPhase section */

/* Begin PBXTargetDependency section */
		C378605724EA164C002320BD /* PBXTargetDependency */ = {
			isa = PBXTargetDependency;
			target = C378603C24EA1646002320BD /* CatFacts */;
			targetProxy = C378605624EA164C002320BD /* PBXContainerItemProxy */;
		};
/* End PBXTargetDependency section */

/* Begin PBXVariantGroup section */
		C378604824EA1646002320BD /* Main.storyboard */ = {
			isa = PBXVariantGroup;
			children = (
				C378604924EA1646002320BD /* Base */,
			);
			name = Main.storyboard;
			sourceTree = "<group>";
		};
		C378604D24EA164C002320BD /* LaunchScreen.storyboard */ = {
			isa = PBXVariantGroup;
			children = (
				C378604E24EA164C002320BD /* Base */,
			);
			name = LaunchScreen.storyboard;
			sourceTree = "<group>";
		};
/* End PBXVariantGroup section */

/* Begin XCBuildConfiguration section */
		C378605C24EA164C002320BD /* Debug */ = {
			isa = XCBuildConfiguration;
			buildSettings = {
				ALWAYS_SEARCH_USER_PATHS = NO;
				CLANG_ANALYZER_NONNULL = YES;
				CLANG_ANALYZER_NUMBER_OBJECT_CONVERSION = YES_AGGRESSIVE;
				CLANG_CXX_LANGUAGE_STANDARD = "gnu++14";
				CLANG_CXX_LIBRARY = "libc++";
				CLANG_ENABLE_MODULES = YES;
				CLANG_ENABLE_OBJC_ARC = YES;
				CLANG_ENABLE_OBJC_WEAK = YES;
				CLANG_WARN_BLOCK_CAPTURE_AUTORELEASING = YES;
				CLANG_WARN_BOOL_CONVERSION = YES;
				CLANG_WARN_COMMA = YES;
				CLANG_WARN_CONSTANT_CONVERSION = YES;
				CLANG_WARN_DEPRECATED_OBJC_IMPLEMENTATIONS = YES;
				CLANG_WARN_DIRECT_OBJC_ISA_USAGE = YES_ERROR;
				CLANG_WARN_DOCUMENTATION_COMMENTS = YES;
				CLANG_WARN_EMPTY_BODY = YES;
				CLANG_WARN_ENUM_CONVERSION = YES;
				CLANG_WARN_INFINITE_RECURSION = YES;
				CLANG_WARN_INT_CONVERSION = YES;
				CLANG_WARN_NON_LITERAL_NULL_CONVERSION = YES;
				CLANG_WARN_OBJC_IMPLICIT_RETAIN_SELF = YES;
				CLANG_WARN_OBJC_LITERAL_CONVERSION = YES;
				CLANG_WARN_OBJC_ROOT_CLASS = YES_ERROR;
				CLANG_WARN_RANGE_LOOP_ANALYSIS = YES;
				CLANG_WARN_STRICT_PROTOTYPES = YES;
				CLANG_WARN_SUSPICIOUS_MOVE = YES;
				CLANG_WARN_UNGUARDED_AVAILABILITY = YES_AGGRESSIVE;
				CLANG_WARN_UNREACHABLE_CODE = YES;
				CLANG_WARN__DUPLICATE_METHOD_MATCH = YES;
				COPY_PHASE_STRIP = NO;
				DEBUG_INFORMATION_FORMAT = dwarf;
				ENABLE_STRICT_OBJC_MSGSEND = YES;
				ENABLE_TESTABILITY = YES;
				GCC_C_LANGUAGE_STANDARD = gnu11;
				GCC_DYNAMIC_NO_PIC = NO;
				GCC_NO_COMMON_BLOCKS = YES;
				GCC_OPTIMIZATION_LEVEL = 0;
				GCC_PREPROCESSOR_DEFINITIONS = (
					"DEBUG=1",
					"$(inherited)",
				);
				GCC_WARN_64_TO_32_BIT_CONVERSION = YES;
				GCC_WARN_ABOUT_RETURN_TYPE = YES_ERROR;
				GCC_WARN_UNDECLARED_SELECTOR = YES;
				GCC_WARN_UNINITIALIZED_AUTOS = YES_AGGRESSIVE;
				GCC_WARN_UNUSED_FUNCTION = YES;
				GCC_WARN_UNUSED_VARIABLE = YES;
				IPHONEOS_DEPLOYMENT_TARGET = 13.6;
				MTL_ENABLE_DEBUG_INFO = INCLUDE_SOURCE;
				MTL_FAST_MATH = YES;
				ONLY_ACTIVE_ARCH = YES;
				SDKROOT = iphoneos;
				SWIFT_ACTIVE_COMPILATION_CONDITIONS = DEBUG;
				SWIFT_OPTIMIZATION_LEVEL = "-Onone";
			};
			name = Debug;
		};
		C378605D24EA164C002320BD /* Release */ = {
			isa = XCBuildConfiguration;
			buildSettings = {
				ALWAYS_SEARCH_USER_PATHS = NO;
				CLANG_ANALYZER_NONNULL = YES;
				CLANG_ANALYZER_NUMBER_OBJECT_CONVERSION = YES_AGGRESSIVE;
				CLANG_CXX_LANGUAGE_STANDARD = "gnu++14";
				CLANG_CXX_LIBRARY = "libc++";
				CLANG_ENABLE_MODULES = YES;
				CLANG_ENABLE_OBJC_ARC = YES;
				CLANG_ENABLE_OBJC_WEAK = YES;
				CLANG_WARN_BLOCK_CAPTURE_AUTORELEASING = YES;
				CLANG_WARN_BOOL_CONVERSION = YES;
				CLANG_WARN_COMMA = YES;
				CLANG_WARN_CONSTANT_CONVERSION = YES;
				CLANG_WARN_DEPRECATED_OBJC_IMPLEMENTATIONS = YES;
				CLANG_WARN_DIRECT_OBJC_ISA_USAGE = YES_ERROR;
				CLANG_WARN_DOCUMENTATION_COMMENTS = YES;
				CLANG_WARN_EMPTY_BODY = YES;
				CLANG_WARN_ENUM_CONVERSION = YES;
				CLANG_WARN_INFINITE_RECURSION = YES;
				CLANG_WARN_INT_CONVERSION = YES;
				CLANG_WARN_NON_LITERAL_NULL_CONVERSION = YES;
				CLANG_WARN_OBJC_IMPLICIT_RETAIN_SELF = YES;
				CLANG_WARN_OBJC_LITERAL_CONVERSION = YES;
				CLANG_WARN_OBJC_ROOT_CLASS = YES_ERROR;
				CLANG_WARN_RANGE_LOOP_ANALYSIS = YES;
				CLANG_WARN_STRICT_PROTOTYPES = YES;
				CLANG_WARN_SUSPICIOUS_MOVE = YES;
				CLANG_WARN_UNGUARDED_AVAILABILITY = YES_AGGRESSIVE;
				CLANG_WARN_UNREACHABLE_CODE = YES;
				CLANG_WARN__DUPLICATE_METHOD_MATCH = YES;
				COPY_PHASE_STRIP = NO;
				DEBUG_INFORMATION_FORMAT = "dwarf-with-dsym";
				ENABLE_NS_ASSERTIONS = NO;
				ENABLE_STRICT_OBJC_MSGSEND = YES;
				GCC_C_LANGUAGE_STANDARD = gnu11;
				GCC_NO_COMMON_BLOCKS = YES;
				GCC_WARN_64_TO_32_BIT_CONVERSION = YES;
				GCC_WARN_ABOUT_RETURN_TYPE = YES_ERROR;
				GCC_WARN_UNDECLARED_SELECTOR = YES;
				GCC_WARN_UNINITIALIZED_AUTOS = YES_AGGRESSIVE;
				GCC_WARN_UNUSED_FUNCTION = YES;
				GCC_WARN_UNUSED_VARIABLE = YES;
				IPHONEOS_DEPLOYMENT_TARGET = 13.6;
				MTL_ENABLE_DEBUG_INFO = NO;
				MTL_FAST_MATH = YES;
				SDKROOT = iphoneos;
				SWIFT_COMPILATION_MODE = wholemodule;
				SWIFT_OPTIMIZATION_LEVEL = "-O";
				VALIDATE_PRODUCT = YES;
			};
			name = Release;
		};
		C378605F24EA164C002320BD /* Debug */ = {
			isa = XCBuildConfiguration;
			buildSettings = {
				ASSETCATALOG_COMPILER_APPICON_NAME = AppIcon;
				CODE_SIGN_ENTITLEMENTS = CatFacts/CatFacts.entitlements;
				CODE_SIGN_STYLE = Automatic;
				DEVELOPMENT_TEAM = M46JGTF7G6;
				INFOPLIST_FILE = CatFacts/Info.plist;
				LD_RUNPATH_SEARCH_PATHS = (
					"$(inherited)",
					"@executable_path/Frameworks",
				);
				PRODUCT_BUNDLE_IDENTIFIER = com.reststop.CatalystArt.CatFacts;
				PRODUCT_NAME = "$(TARGET_NAME)";
				SUPPORTS_MACCATALYST = NO;
				SWIFT_VERSION = 5.0;
				TARGETED_DEVICE_FAMILY = "1,2";
			};
			name = Debug;
		};
		C378606024EA164C002320BD /* Release */ = {
			isa = XCBuildConfiguration;
			buildSettings = {
				ASSETCATALOG_COMPILER_APPICON_NAME = AppIcon;
				CODE_SIGN_ENTITLEMENTS = CatFacts/CatFacts.entitlements;
				CODE_SIGN_STYLE = Automatic;
				DEVELOPMENT_TEAM = M46JGTF7G6;
				INFOPLIST_FILE = CatFacts/Info.plist;
				LD_RUNPATH_SEARCH_PATHS = (
					"$(inherited)",
					"@executable_path/Frameworks",
				);
				PRODUCT_BUNDLE_IDENTIFIER = com.reststop.CatalystArt.CatFacts;
				PRODUCT_NAME = "$(TARGET_NAME)";
				SUPPORTS_MACCATALYST = NO;
				SWIFT_VERSION = 5.0;
				TARGETED_DEVICE_FAMILY = "1,2";
			};
			name = Release;
		};
		C378606224EA164C002320BD /* Debug */ = {
			isa = XCBuildConfiguration;
			buildSettings = {
				ALWAYS_EMBED_SWIFT_STANDARD_LIBRARIES = YES;
				BUNDLE_LOADER = "$(TEST_HOST)";
				CODE_SIGN_STYLE = Automatic;
				DEVELOPMENT_TEAM = M46JGTF7G6;
				INFOPLIST_FILE = CatFactsTests/Info.plist;
				IPHONEOS_DEPLOYMENT_TARGET = 13.6;
				LD_RUNPATH_SEARCH_PATHS = (
					"$(inherited)",
					"@executable_path/Frameworks",
					"@loader_path/Frameworks",
				);
				PRODUCT_BUNDLE_IDENTIFIER = com.reststop.CatalystArt.CatFactsTests;
				PRODUCT_NAME = "$(TARGET_NAME)";
				SWIFT_VERSION = 5.0;
				TARGETED_DEVICE_FAMILY = "1,2";
				TEST_HOST = "$(BUILT_PRODUCTS_DIR)/CatFacts.app/CatFacts";
			};
			name = Debug;
		};
		C378606324EA164C002320BD /* Release */ = {
			isa = XCBuildConfiguration;
			buildSettings = {
				ALWAYS_EMBED_SWIFT_STANDARD_LIBRARIES = YES;
				BUNDLE_LOADER = "$(TEST_HOST)";
				CODE_SIGN_STYLE = Automatic;
				DEVELOPMENT_TEAM = M46JGTF7G6;
				INFOPLIST_FILE = CatFactsTests/Info.plist;
				IPHONEOS_DEPLOYMENT_TARGET = 13.6;
				LD_RUNPATH_SEARCH_PATHS = (
					"$(inherited)",
					"@executable_path/Frameworks",
					"@loader_path/Frameworks",
				);
				PRODUCT_BUNDLE_IDENTIFIER = com.reststop.CatalystArt.CatFactsTests;
				PRODUCT_NAME = "$(TARGET_NAME)";
				SWIFT_VERSION = 5.0;
				TARGETED_DEVICE_FAMILY = "1,2";
				TEST_HOST = "$(BUILT_PRODUCTS_DIR)/CatFacts.app/CatFacts";
			};
			name = Release;
		};
/* End XCBuildConfiguration section */

/* Begin XCConfigurationList section */
		C378603824EA1646002320BD /* Build configuration list for PBXProject "CatFacts" */ = {
			isa = XCConfigurationList;
			buildConfigurations = (
				C378605C24EA164C002320BD /* Debug */,
				C378605D24EA164C002320BD /* Release */,
			);
			defaultConfigurationIsVisible = 0;
			defaultConfigurationName = Release;
		};
		C378605E24EA164C002320BD /* Build configuration list for PBXNativeTarget "CatFacts" */ = {
			isa = XCConfigurationList;
			buildConfigurations = (
				C378605F24EA164C002320BD /* Debug */,
				C378606024EA164C002320BD /* Release */,
			);
			defaultConfigurationIsVisible = 0;
			defaultConfigurationName = Release;
		};
		C378606124EA164C002320BD /* Build configuration list for PBXNativeTarget "CatFactsTests" */ = {
			isa = XCConfigurationList;
			buildConfigurations = (
				C378606224EA164C002320BD /* Debug */,
				C378606324EA164C002320BD /* Release */,
			);
			defaultConfigurationIsVisible = 0;
			defaultConfigurationName = Release;
		};
/* End XCConfigurationList section */
	};
	rootObject = C378603524EA1646002320BD /* Project object */;
}
